
Microsoft Visual Studio Solution File, Format Version 12.00
# Visual Studio Version 17
VisualStudioVersion = 17.13.36105.23
MinimumVisualStudioVersion = 10.0.40219.1
Project("{FAE04EC0-301F-11D3-BF4B-00C04F79EFBC}") = "OnigiriShop", "src\OnigiriShop\OnigiriShop.csproj", "{E088AECA-3AC2-4D5D-09B3-631DF32BDCFE}"
EndProject
Project("{FAE04EC0-301F-11D3-BF4B-00C04F79EFBC}") = "Tests.Unit", "tests\Tests.Unit\Tests.Unit.csproj", "{44C835EB-9518-81FE-AEDB-312B2931CAB7}"
EndProject
Project("{FAE04EC0-301F-11D3-BF4B-00C04F79EFBC}") = "Tests.Playwright", "tests\Tests.Playwright\Tests.Playwright.csproj", "{A2831350-89A4-9B0D-795A-744ECF27279B}"
EndProject
Global
	GlobalSection(SolutionConfigurationPlatforms) = preSolution
		Debug|Any CPU = Debug|Any CPU
		Release|Any CPU = Release|Any CPU
	EndGlobalSection
	GlobalSection(ProjectConfigurationPlatforms) = postSolution
		{E088AECA-3AC2-4D5D-09B3-631DF32BDCFE}.Debug|Any CPU.ActiveCfg = Debug|Any CPU
		{E088AECA-3AC2-4D5D-09B3-631DF32BDCFE}.Debug|Any CPU.Build.0 = Debug|Any CPU
		{E088AECA-3AC2-4D5D-09B3-631DF32BDCFE}.Release|Any CPU.ActiveCfg = Release|Any CPU
		{E088AECA-3AC2-4D5D-09B3-631DF32BDCFE}.Release|Any CPU.Build.0 = Release|Any CPU
		{44C835EB-9518-81FE-AEDB-312B2931CAB7}.Debug|Any CPU.ActiveCfg = Debug|Any CPU
		{44C835EB-9518-81FE-AEDB-312B2931CAB7}.Debug|Any CPU.Build.0 = Debug|Any CPU
		{44C835EB-9518-81FE-AEDB-312B2931CAB7}.Release|Any CPU.ActiveCfg = Release|Any CPU
		{44C835EB-9518-81FE-AEDB-312B2931CAB7}.Release|Any CPU.Build.0 = Release|Any CPU
		{A2831350-89A4-9B0D-795A-744ECF27279B}.Debug|Any CPU.ActiveCfg = Debug|Any CPU
		{A2831350-89A4-9B0D-795A-744ECF27279B}.Debug|Any CPU.Build.0 = Debug|Any CPU
		{A2831350-89A4-9B0D-795A-744ECF27279B}.Release|Any CPU.ActiveCfg = Release|Any CPU
		{A2831350-89A4-9B0D-795A-744ECF27279B}.Release|Any CPU.Build.0 = Release|Any CPU
	EndGlobalSection
	GlobalSection(SolutionProperties) = preSolution
		HideSolutionNode = FALSE
	EndGlobalSection
	GlobalSection(ExtensibilityGlobals) = postSolution
		SolutionGuid = {F560FFF2-7490-4385-A71D-3FCD96634D55}
	EndGlobalSection
EndGlobal
